
Microsoft Visual Studio Solution File, Format Version 12.00
# Visual Studio Version 17
VisualStudioVersion = 17.14.36811.4 d17.14
MinimumVisualStudioVersion = 10.0.40219.1
Project("{FAE04EC0-301F-11D3-BF4B-00C04F79EFBC}") = "UserAndBookingService", "UserAndBookingService\UserAndBookingService.csproj", "{D71D6D6B-D7E1-4551-ACD5-4CA599261282}"
EndProject
Global
	GlobalSection(SolutionConfigurationPlatforms) = preSolution
		Debug|Any CPU = Debug|Any CPU
		Release|Any CPU = Release|Any CPU
	EndGlobalSection
	GlobalSection(ProjectConfigurationPlatforms) = postSolution
		{D71D6D6B-D7E1-4551-ACD5-4CA599261282}.Debug|Any CPU.ActiveCfg = Debug|Any CPU
		{D71D6D6B-D7E1-4551-ACD5-4CA599261282}.Debug|Any CPU.Build.0 = Debug|Any CPU
		{D71D6D6B-D7E1-4551-ACD5-4CA599261282}.Release|Any CPU.ActiveCfg = Release|Any CPU
		{D71D6D6B-D7E1-4551-ACD5-4CA599261282}.Release|Any CPU.Build.0 = Release|Any CPU
	EndGlobalSection
	GlobalSection(SolutionProperties) = preSolution
		HideSolutionNode = FALSE
	EndGlobalSection
	GlobalSection(ExtensibilityGlobals) = postSolution
		SolutionGuid = {EDFD9B37-81E4-4F9F-8251-4FBD50829470}
	EndGlobalSection
EndGlobal
